
Microsoft Visual Studio Solution File, Format Version 12.00
# Visual Studio Version 16
VisualStudioVersion = 25.0.1703.6
MinimumVisualStudioVersion = 10.0.40219.1
Project("{FAE04EC0-301F-11D3-BF4B-00C04F79EFBC}") = "WebAPIforDrinks", "WebAPIforDrinks\WebAPIforDrinks.csproj", "{5DC60709-E0BC-457D-B49A-111DE69B314F}"
EndProject
Global
	GlobalSection(SolutionConfigurationPlatforms) = preSolution
		Debug|Any CPU = Debug|Any CPU
		Release|Any CPU = Release|Any CPU
	EndGlobalSection
	GlobalSection(ProjectConfigurationPlatforms) = postSolution
		{5DC60709-E0BC-457D-B49A-111DE69B314F}.Debug|Any CPU.ActiveCfg = Debug|Any CPU
		{5DC60709-E0BC-457D-B49A-111DE69B314F}.Debug|Any CPU.Build.0 = Debug|Any CPU
		{5DC60709-E0BC-457D-B49A-111DE69B314F}.Release|Any CPU.ActiveCfg = Release|Any CPU
		{5DC60709-E0BC-457D-B49A-111DE69B314F}.Release|Any CPU.Build.0 = Release|Any CPU
	EndGlobalSection
	GlobalSection(SolutionProperties) = preSolution
		HideSolutionNode = FALSE
	EndGlobalSection
	GlobalSection(ExtensibilityGlobals) = postSolution
		SolutionGuid = {95DB514D-3D61-4C3C-B3A4-32917080C8D1}
	EndGlobalSection
EndGlobal
